
Microsoft Visual Studio Solution File, Format Version 12.00
# Visual Studio 15
Project("{FAE04EC0-301F-11D3-BF4B-00C04F79EFBC}") = "Assembly-CSharp", "Assembly-CSharp.csproj", "{86C019BE-2B3A-E02A-1AF6-3120EE49004B}"
EndProject
Project("{FAE04EC0-301F-11D3-BF4B-00C04F79EFBC}") = "NavMeshComponents", "NavMeshComponents.csproj", "{5521C017-3167-86F1-14BF-DDE1BEBA903B}"
EndProject
Project("{FAE04EC0-301F-11D3-BF4B-00C04F79EFBC}") = "NavMeshComponentsEditor", "NavMeshComponentsEditor.csproj", "{F21A83C5-7BE1-5C46-0C69-A722C5346BD2}"
EndProject
Global
	GlobalSection(SolutionConfigurationPlatforms) = preSolution
		Debug|Any CPU = Debug|Any CPU
		Release|Any CPU = Release|Any CPU
	EndGlobalSection
	GlobalSection(ProjectConfigurationPlatforms) = postSolution
		{86C019BE-2B3A-E02A-1AF6-3120EE49004B}.Debug|Any CPU.ActiveCfg = Debug|Any CPU
		{86C019BE-2B3A-E02A-1AF6-3120EE49004B}.Debug|Any CPU.Build.0 = Debug|Any CPU
		{86C019BE-2B3A-E02A-1AF6-3120EE49004B}.Release|Any CPU.ActiveCfg = Release|Any CPU
		{86C019BE-2B3A-E02A-1AF6-3120EE49004B}.Release|Any CPU.Build.0 = Release|Any CPU
		{5521C017-3167-86F1-14BF-DDE1BEBA903B}.Debug|Any CPU.ActiveCfg = Debug|Any CPU
		{5521C017-3167-86F1-14BF-DDE1BEBA903B}.Debug|Any CPU.Build.0 = Debug|Any CPU
		{5521C017-3167-86F1-14BF-DDE1BEBA903B}.Release|Any CPU.ActiveCfg = Release|Any CPU
		{5521C017-3167-86F1-14BF-DDE1BEBA903B}.Release|Any CPU.Build.0 = Release|Any CPU
		{F21A83C5-7BE1-5C46-0C69-A722C5346BD2}.Debug|Any CPU.ActiveCfg = Debug|Any CPU
		{F21A83C5-7BE1-5C46-0C69-A722C5346BD2}.Debug|Any CPU.Build.0 = Debug|Any CPU
		{F21A83C5-7BE1-5C46-0C69-A722C5346BD2}.Release|Any CPU.ActiveCfg = Release|Any CPU
		{F21A83C5-7BE1-5C46-0C69-A722C5346BD2}.Release|Any CPU.Build.0 = Release|Any CPU
	EndGlobalSection
	GlobalSection(SolutionProperties) = preSolution
		HideSolutionNode = FALSE
	EndGlobalSection
EndGlobal
